{
  "originHash" : "2e6f1b0e9206478dbf0dd12a35f74562cb1e0efa60df66f116594f050d84c0dd",
  "pins" : [
    {
      "identity" : "llama.swift",
      "kind" : "remoteSourceControl",
      "location" : "https://github.com/mattt/llama.swift",
      "state" : {
        "revision" : "441d6ae188cc360b34eab955d1c4da7128d6bd32",
        "version" : "2.8781.0"
      }
    }
  ],
  "version" : 3
}
